// !$*UTF8*$!
{
	archiveVersion = 1;
	classes = {
	};
	objectVersion = 56;
	objects = {

/* Begin PBXBuildFile section */
		269AA987291E829D00B56703 /* AppDelegate.swift in Sources */ = {isa = PBXBuildFile; fileRef = 269AA986291E829D00B56703 /* AppDelegate.swift */; };
		269AA989291E829D00B56703 /* SceneDelegate.swift in Sources */ = {isa = PBXBuildFile; fileRef = 269AA988291E829D00B56703 /* SceneDelegate.swift */; };
		269AA993291E829E00B56703 /* Assets.xcassets in Resources */ = {isa = PBXBuildFile; fileRef = 269AA992291E829E00B56703 /* Assets.xcassets */; };
		269AA996291E829E00B56703 /* LaunchScreen.storyboard in Resources */ = {isa = PBXBuildFile; fileRef = 269AA994291E829E00B56703 /* LaunchScreen.storyboard */; };
		269AA9A5291E835800B56703 /* Service.swift in Sources */ = {isa = PBXBuildFile; fileRef = 269AA9A4291E835800B56703 /* Service.swift */; };
		269AA9A7291E836700B56703 /* CoreData.swift in Sources */ = {isa = PBXBuildFile; fileRef = 269AA9A6291E836700B56703 /* CoreData.swift */; };
		269AA9A9291E83EA00B56703 /* FavMovies+CoreDataClass.swift in Sources */ = {isa = PBXBuildFile; fileRef = 269AA9A8291E83EA00B56703 /* FavMovies+CoreDataClass.swift */; };
		269AA9AB291E83FF00B56703 /* FavMovies+CoreDataProperties.swift in Sources */ = {isa = PBXBuildFile; fileRef = 269AA9AA291E83FF00B56703 /* FavMovies+CoreDataProperties.swift */; };
		269AA9AD291E841400B56703 /* Movie.swift in Sources */ = {isa = PBXBuildFile; fileRef = 269AA9AC291E841400B56703 /* Movie.swift */; };
		269AA9AF291E842900B56703 /* Error.swift in Sources */ = {isa = PBXBuildFile; fileRef = 269AA9AE291E842900B56703 /* Error.swift */; };
		269AA9B1291E845100B56703 /* MoviesGridViewModel.swift in Sources */ = {isa = PBXBuildFile; fileRef = 269AA9B0291E845100B56703 /* MoviesGridViewModel.swift */; };
		269AA9B3291E846800B56703 /* FavoritesViewModel.swift in Sources */ = {isa = PBXBuildFile; fileRef = 269AA9B2291E846800B56703 /* FavoritesViewModel.swift */; };
		269AA9B5291E848600B56703 /* DetailsViewModel.swift in Sources */ = {isa = PBXBuildFile; fileRef = 269AA9B4291E848500B56703 /* DetailsViewModel.swift */; };
		269AA9B8291E852500B56703 /* MovieCollectionViewCell.swift in Sources */ = {isa = PBXBuildFile; fileRef = 269AA9B7291E852500B56703 /* MovieCollectionViewCell.swift */; };
		269AA9BA291E853D00B56703 /* FavoriteTableViewCell.swift in Sources */ = {isa = PBXBuildFile; fileRef = 269AA9B9291E853D00B56703 /* FavoriteTableViewCell.swift */; };
		269AA9BC291E855600B56703 /* MoviesViewController.swift in Sources */ = {isa = PBXBuildFile; fileRef = 269AA9BB291E855600B56703 /* MoviesViewController.swift */; };
		269AA9BE291E857300B56703 /* FavoritesViewController.swift in Sources */ = {isa = PBXBuildFile; fileRef = 269AA9BD291E857300B56703 /* FavoritesViewController.swift */; };
		269AA9C0291E858E00B56703 /* DetailsViewController.swift in Sources */ = {isa = PBXBuildFile; fileRef = 269AA9BF291E858E00B56703 /* DetailsViewController.swift */; };
		269AA9C1291E877600B56703 /* Movies.xcdatamodeld in Sources */ = {isa = PBXBuildFile; fileRef = 269AA98F291E829D00B56703 /* Movies.xcdatamodeld */; };
		26BDF149292E959100C027F2 /* Main.storyboard in Resources */ = {isa = PBXBuildFile; fileRef = 26BDF147292E959100C027F2 /* Main.storyboard */; };
/* End PBXBuildFile section */

/* Begin PBXFileReference section */
		269AA983291E829D00B56703 /* Movies.app */ = {isa = PBXFileReference; explicitFileType = wrapper.application; includeInIndex = 0; path = Movies.app; sourceTree = BUILT_PRODUCTS_DIR; };
		269AA986291E829D00B56703 /* AppDelegate.swift */ = {isa = PBXFileReference; lastKnownFileType = sourcecode.swift; path = AppDelegate.swift; sourceTree = "<group>"; };
		269AA988291E829D00B56703 /* SceneDelegate.swift */ = {isa = PBXFileReference; lastKnownFileType = sourcecode.swift; path = SceneDelegate.swift; sourceTree = "<group>"; };
		269AA990291E829D00B56703 /* Movies.xcdatamodel */ = {isa = PBXFileReference; lastKnownFileType = wrapper.xcdatamodel; path = Movies.xcdatamodel; sourceTree = "<group>"; };
		269AA992291E829E00B56703 /* Assets.xcassets */ = {isa = PBXFileReference; lastKnownFileType = folder.assetcatalog; path = Assets.xcassets; sourceTree = "<group>"; };
		269AA995291E829E00B56703 /* Base */ = {isa = PBXFileReference; lastKnownFileType = file.storyboard; name = Base; path = Base.lproj/LaunchScreen.storyboard; sourceTree = "<group>"; };
		269AA997291E829E00B56703 /* Info.plist */ = {isa = PBXFileReference; lastKnownFileType = text.plist.xml; path = Info.plist; sourceTree = "<group>"; };
		269AA9A4291E835800B56703 /* Service.swift */ = {isa = PBXFileReference; lastKnownFileType = sourcecode.swift; path = Service.swift; sourceTree = "<group>"; };
		269AA9A6291E836700B56703 /* CoreData.swift */ = {isa = PBXFileReference; lastKnownFileType = sourcecode.swift; path = CoreData.swift; sourceTree = "<group>"; };
		269AA9A8291E83EA00B56703 /* FavMovies+CoreDataClass.swift */ = {isa = PBXFileReference; lastKnownFileType = sourcecode.swift; path = "FavMovies+CoreDataClass.swift"; sourceTree = "<group>"; };
		269AA9AA291E83FF00B56703 /* FavMovies+CoreDataProperties.swift */ = {isa = PBXFileReference; lastKnownFileType = sourcecode.swift; path = "FavMovies+CoreDataProperties.swift"; sourceTree = "<group>"; };
		269AA9AC291E841400B56703 /* Movie.swift */ = {isa = PBXFileReference; lastKnownFileType = sourcecode.swift; path = Movie.swift; sourceTree = "<group>"; };
		269AA9AE291E842900B56703 /* Error.swift */ = {isa = PBXFileReference; lastKnownFileType = sourcecode.swift; path = Error.swift; sourceTree = "<group>"; };
		269AA9B0291E845100B56703 /* MoviesGridViewModel.swift */ = {isa = PBXFileReference; lastKnownFileType = sourcecode.swift; path = MoviesGridViewModel.swift; sourceTree = "<group>"; };
		269AA9B2291E846800B56703 /* FavoritesViewModel.swift */ = {isa = PBXFileReference; lastKnownFileType = sourcecode.swift; path = FavoritesViewModel.swift; sourceTree = "<group>"; };
		269AA9B4291E848500B56703 /* DetailsViewModel.swift */ = {isa = PBXFileReference; lastKnownFileType = sourcecode.swift; path = DetailsViewModel.swift; sourceTree = "<group>"; };
		269AA9B7291E852500B56703 /* MovieCollectionViewCell.swift */ = {isa = PBXFileReference; lastKnownFileType = sourcecode.swift; path = MovieCollectionViewCell.swift; sourceTree = "<group>"; };
		269AA9B9291E853D00B56703 /* FavoriteTableViewCell.swift */ = {isa = PBXFileReference; lastKnownFileType = sourcecode.swift; path = FavoriteTableViewCell.swift; sourceTree = "<group>"; };
		269AA9BB291E855600B56703 /* MoviesViewController.swift */ = {isa = PBXFileReference; lastKnownFileType = sourcecode.swift; path = MoviesViewController.swift; sourceTree = "<group>"; };
		269AA9BD291E857300B56703 /* FavoritesViewController.swift */ = {isa = PBXFileReference; lastKnownFileType = sourcecode.swift; path = FavoritesViewController.swift; sourceTree = "<group>"; };
		269AA9BF291E858E00B56703 /* DetailsViewController.swift */ = {isa = PBXFileReference; lastKnownFileType = sourcecode.swift; path = DetailsViewController.swift; sourceTree = "<group>"; };
		26BDF148292E959100C027F2 /* Base */ = {isa = PBXFileReference; lastKnownFileType = file.storyboard; name = Base; path = "../../../Library/Mobile Documents/com~apple~CloudDocs/.Trash/movies/MoviesApi/Base.lproj/Main.storyboard"; sourceTree = "<group>"; };
/* End PBXFileReference section */

/* Begin PBXFrameworksBuildPhase section */
		269AA980291E829D00B56703 /* Frameworks */ = {
			isa = PBXFrameworksBuildPhase;
			buildActionMask = 2147483647;
			files = (
			);
			runOnlyForDeploymentPostprocessing = 0;
		};
/* End PBXFrameworksBuildPhase section */

/* Begin PBXGroup section */
		269AA97A291E829D00B56703 = {
			isa = PBXGroup;
			children = (
				269AA985291E829D00B56703 /* Movies */,
				269AA984291E829D00B56703 /* Products */,
			);
			sourceTree = "<group>";
		};
		269AA984291E829D00B56703 /* Products */ = {
			isa = PBXGroup;
			children = (
				269AA983291E829D00B56703 /* Movies.app */,
			);
			name = Products;
			sourceTree = "<group>";
		};
		269AA985291E829D00B56703 /* Movies */ = {
			isa = PBXGroup;
			children = (
				269AA99D291E82BA00B56703 /* Networking */,
				269AA99E291E82CB00B56703 /* Model */,
				269AA99F291E82D400B56703 /* ViewModel */,
				269AA9A0291E82DD00B56703 /* View */,
				269AA986291E829D00B56703 /* AppDelegate.swift */,
				269AA988291E829D00B56703 /* SceneDelegate.swift */,
				26BDF147292E959100C027F2 /* Main.storyboard */,
				269AA992291E829E00B56703 /* Assets.xcassets */,
				269AA994291E829E00B56703 /* LaunchScreen.storyboard */,
				269AA997291E829E00B56703 /* Info.plist */,
				269AA98F291E829D00B56703 /* Movies.xcdatamodeld */,
			);
			path = Movies;
			sourceTree = "<group>";
		};
		269AA99D291E82BA00B56703 /* Networking */ = {
			isa = PBXGroup;
			children = (
				269AA9A4291E835800B56703 /* Service.swift */,
				269AA9A6291E836700B56703 /* CoreData.swift */,
			);
			path = Networking;
			sourceTree = "<group>";
		};
		269AA99E291E82CB00B56703 /* Model */ = {
			isa = PBXGroup;
			children = (
				269AA9A8291E83EA00B56703 /* FavMovies+CoreDataClass.swift */,
				269AA9AA291E83FF00B56703 /* FavMovies+CoreDataProperties.swift */,
				269AA9AC291E841400B56703 /* Movie.swift */,
				269AA9AE291E842900B56703 /* Error.swift */,
			);
			path = Model;
			sourceTree = "<group>";
		};
		269AA99F291E82D400B56703 /* ViewModel */ = {
			isa = PBXGroup;
			children = (
				269AA9B0291E845100B56703 /* MoviesGridViewModel.swift */,
				269AA9B2291E846800B56703 /* FavoritesViewModel.swift */,
				269AA9B4291E848500B56703 /* DetailsViewModel.swift */,
			);
			path = ViewModel;
			sourceTree = "<group>";
		};
		269AA9A0291E82DD00B56703 /* View */ = {
			isa = PBXGroup;
			children = (
				269AA9B6291E849C00B56703 /* Cell */,
				269AA9BB291E855600B56703 /* MoviesViewController.swift */,
				269AA9BD291E857300B56703 /* FavoritesViewController.swift */,
				269AA9BF291E858E00B56703 /* DetailsViewController.swift */,
			);
			path = View;
			sourceTree = "<group>";
		};
		269AA9B6291E849C00B56703 /* Cell */ = {
			isa = PBXGroup;
			children = (
				269AA9B7291E852500B56703 /* MovieCollectionViewCell.swift */,
				269AA9B9291E853D00B56703 /* FavoriteTableViewCell.swift */,
			);
			path = Cell;
			sourceTree = "<group>";
		};
/* End PBXGroup section */

/* Begin PBXNativeTarget section */
		269AA982291E829D00B56703 /* Movies */ = {
			isa = PBXNativeTarget;
			buildConfigurationList = 269AA99A291E829E00B56703 /* Build configuration list for PBXNativeTarget "Movies" */;
			buildPhases = (
				269AA97F291E829D00B56703 /* Sources */,
				269AA980291E829D00B56703 /* Frameworks */,
				269AA981291E829D00B56703 /* Resources */,
			);
			buildRules = (
			);
			dependencies = (
			);
			name = Movies;
			productName = Movies;
			productReference = 269AA983291E829D00B56703 /* Movies.app */;
			productType = "com.apple.product-type.application";
		};
/* End PBXNativeTarget section */

/* Begin PBXProject section */
		269AA97B291E829D00B56703 /* Project object */ = {
			isa = PBXProject;
			attributes = {
				BuildIndependentTargetsInParallel = 1;
				LastSwiftUpdateCheck = 1410;
				LastUpgradeCheck = 1410;
				TargetAttributes = {
					269AA982291E829D00B56703 = {
						CreatedOnToolsVersion = 14.1;
					};
				};
			};
			buildConfigurationList = 269AA97E291E829D00B56703 /* Build configuration list for PBXProject "Movies" */;
			compatibilityVersion = "Xcode 14.0";
			developmentRegion = en;
			hasScannedForEncodings = 0;
			knownRegions = (
				en,
				Base,
			);
			mainGroup = 269AA97A291E829D00B56703;
			productRefGroup = 269AA984291E829D00B56703 /* Products */;
			projectDirPath = "";
			projectRoot = "";
			targets = (
				269AA982291E829D00B56703 /* Movies */,
			);
		};
/* End PBXProject section */

/* Begin PBXResourcesBuildPhase section */
		269AA981291E829D00B56703 /* Resources */ = {
			isa = PBXResourcesBuildPhase;
			buildActionMask = 2147483647;
			files = (
				269AA996291E829E00B56703 /* LaunchScreen.storyboard in Resources */,
				269AA993291E829E00B56703 /* Assets.xcassets in Resources */,
				26BDF149292E959100C027F2 /* Main.storyboard in Resources */,
			);
			runOnlyForDeploymentPostprocessing = 0;
		};
/* End PBXResourcesBuildPhase section */

/* Begin PBXSourcesBuildPhase section */
		269AA97F291E829D00B56703 /* Sources */ = {
			isa = PBXSourcesBuildPhase;
			buildActionMask = 2147483647;
			files = (
				269AA9AB291E83FF00B56703 /* FavMovies+CoreDataProperties.swift in Sources */,
				269AA9B1291E845100B56703 /* MoviesGridViewModel.swift in Sources */,
				269AA9AD291E841400B56703 /* Movie.swift in Sources */,
				269AA9BA291E853D00B56703 /* FavoriteTableViewCell.swift in Sources */,
				269AA9B5291E848600B56703 /* DetailsViewModel.swift in Sources */,
				269AA987291E829D00B56703 /* AppDelegate.swift in Sources */,
				269AA9BC291E855600B56703 /* MoviesViewController.swift in Sources */,
				269AA9BE291E857300B56703 /* FavoritesViewController.swift in Sources */,
				269AA9A5291E835800B56703 /* Service.swift in Sources */,
				269AA9B3291E846800B56703 /* FavoritesViewModel.swift in Sources */,
				269AA9C0291E858E00B56703 /* DetailsViewController.swift in Sources */,
				269AA9A9291E83EA00B56703 /* FavMovies+CoreDataClass.swift in Sources */,
				269AA9A7291E836700B56703 /* CoreData.swift in Sources */,
				269AA9B8291E852500B56703 /* MovieCollectionViewCell.swift in Sources */,
				269AA9AF291E842900B56703 /* Error.swift in Sources */,
				269AA9C1291E877600B56703 /* Movies.xcdatamodeld in Sources */,
				269AA989291E829D00B56703 /* SceneDelegate.swift in Sources */,
			);
			runOnlyForDeploymentPostprocessing = 0;
		};
/* End PBXSourcesBuildPhase section */

/* Begin PBXVariantGroup section */
		269AA994291E829E00B56703 /* LaunchScreen.storyboard */ = {
			isa = PBXVariantGroup;
			children = (
				269AA995291E829E00B56703 /* Base */,
			);
			name = LaunchScreen.storyboard;
			sourceTree = "<group>";
		};
		26BDF147292E959100C027F2 /* Main.storyboard */ = {
			isa = PBXVariantGroup;
			children = (
				26BDF148292E959100C027F2 /* Base */,
			);
			name = Main.storyboard;
			sourceTree = "<group>";
		};
/* End PBXVariantGroup section */

/* Begin XCBuildConfiguration section */
		269AA998291E829E00B56703 /* Debug */ = {
			isa = XCBuildConfiguration;
			buildSettings = {
				ALWAYS_SEARCH_USER_PATHS = NO;
				CLANG_ANALYZER_NONNULL = YES;
				CLANG_ANALYZER_NUMBER_OBJECT_CONVERSION = YES_AGGRESSIVE;
				CLANG_CXX_LANGUAGE_STANDARD = "gnu++20";
				CLANG_ENABLE_MODULES = YES;
				CLANG_ENABLE_OBJC_ARC = YES;
				CLANG_ENABLE_OBJC_WEAK = YES;
				CLANG_WARN_BLOCK_CAPTURE_AUTORELEASING = YES;
				CLANG_WARN_BOOL_CONVERSION = YES;
				CLANG_WARN_COMMA = YES;
				CLANG_WARN_CONSTANT_CONVERSION = YES;
				CLANG_WARN_DEPRECATED_OBJC_IMPLEMENTATIONS = YES;
				CLANG_WARN_DIRECT_OBJC_ISA_USAGE = YES_ERROR;
				CLANG_WARN_DOCUMENTATION_COMMENTS = YES;
				CLANG_WARN_EMPTY_BODY = YES;
				CLANG_WARN_ENUM_CONVERSION = YES;
				CLANG_WARN_INFINITE_RECURSION = YES;
				CLANG_WARN_INT_CONVERSION = YES;
				CLANG_WARN_NON_LITERAL_NULL_CONVERSION = YES;
				CLANG_WARN_OBJC_IMPLICIT_RETAIN_SELF = YES;
				CLANG_WARN_OBJC_LITERAL_CONVERSION = YES;
				CLANG_WARN_OBJC_ROOT_CLASS = YES_ERROR;
				CLANG_WARN_QUOTED_INCLUDE_IN_FRAMEWORK_HEADER = YES;
				CLANG_WARN_RANGE_LOOP_ANALYSIS = YES;
				CLANG_WARN_STRICT_PROTOTYPES = YES;
				CLANG_WARN_SUSPICIOUS_MOVE = YES;
				CLANG_WARN_UNGUARDED_AVAILABILITY = YES_AGGRESSIVE;
				CLANG_WARN_UNREACHABLE_CODE = YES;
				CLANG_WARN__DUPLICATE_METHOD_MATCH = YES;
				COPY_PHASE_STRIP = NO;
				DEBUG_INFORMATION_FORMAT = dwarf;
				ENABLE_STRICT_OBJC_MSGSEND = YES;
				ENABLE_TESTABILITY = YES;
				GCC_C_LANGUAGE_STANDARD = gnu11;
				GCC_DYNAMIC_NO_PIC = NO;
				GCC_NO_COMMON_BLOCKS = YES;
				GCC_OPTIMIZATION_LEVEL = 0;
				GCC_PREPROCESSOR_DEFINITIONS = (
					"DEBUG=1",
					"$(inherited)",
				);
				GCC_WARN_64_TO_32_BIT_CONVERSION = YES;
				GCC_WARN_ABOUT_RETURN_TYPE = YES_ERROR;
				GCC_WARN_UNDECLARED_SELECTOR = YES;
				GCC_WARN_UNINITIALIZED_AUTOS = YES_AGGRESSIVE;
				GCC_WARN_UNUSED_FUNCTION = YES;
				GCC_WARN_UNUSED_VARIABLE = YES;
				IPHONEOS_DEPLOYMENT_TARGET = 16.1;
				MTL_ENABLE_DEBUG_INFO = INCLUDE_SOURCE;
				MTL_FAST_MATH = YES;
				ONLY_ACTIVE_ARCH = YES;
				SDKROOT = iphoneos;
				SWIFT_ACTIVE_COMPILATION_CONDITIONS = DEBUG;
				SWIFT_OPTIMIZATION_LEVEL = "-Onone";
			};
			name = Debug;
		};
		269AA999291E829E00B56703 /* Release */ = {
			isa = XCBuildConfiguration;
			buildSettings = {
				ALWAYS_SEARCH_USER_PATHS = NO;
				CLANG_ANALYZER_NONNULL = YES;
				CLANG_ANALYZER_NUMBER_OBJECT_CONVERSION = YES_AGGRESSIVE;
				CLANG_CXX_LANGUAGE_STANDARD = "gnu++20";
				CLANG_ENABLE_MODULES = YES;
				CLANG_ENABLE_OBJC_ARC = YES;
				CLANG_ENABLE_OBJC_WEAK = YES;
				CLANG_WARN_BLOCK_CAPTURE_AUTORELEASING = YES;
				CLANG_WARN_BOOL_CONVERSION = YES;
				CLANG_WARN_COMMA = YES;
				CLANG_WARN_CONSTANT_CONVERSION = YES;
				CLANG_WARN_DEPRECATED_OBJC_IMPLEMENTATIONS = YES;
				CLANG_WARN_DIRECT_OBJC_ISA_USAGE = YES_ERROR;
				CLANG_WARN_DOCUMENTATION_COMMENTS = YES;
				CLANG_WARN_EMPTY_BODY = YES;
				CLANG_WARN_ENUM_CONVERSION = YES;
				CLANG_WARN_INFINITE_RECURSION = YES;
				CLANG_WARN_INT_CONVERSION = YES;
				CLANG_WARN_NON_LITERAL_NULL_CONVERSION = YES;
				CLANG_WARN_OBJC_IMPLICIT_RETAIN_SELF = YES;
				CLANG_WARN_OBJC_LITERAL_CONVERSION = YES;
				CLANG_WARN_OBJC_ROOT_CLASS = YES_ERROR;
				CLANG_WARN_QUOTED_INCLUDE_IN_FRAMEWORK_HEADER = YES;
				CLANG_WARN_RANGE_LOOP_ANALYSIS = YES;
				CLANG_WARN_STRICT_PROTOTYPES = YES;
				CLANG_WARN_SUSPICIOUS_MOVE = YES;
				CLANG_WARN_UNGUARDED_AVAILABILITY = YES_AGGRESSIVE;
				CLANG_WARN_UNREACHABLE_CODE = YES;
				CLANG_WARN__DUPLICATE_METHOD_MATCH = YES;
				COPY_PHASE_STRIP = NO;
				DEBUG_INFORMATION_FORMAT = "dwarf-with-dsym";
				ENABLE_NS_ASSERTIONS = NO;
				ENABLE_STRICT_OBJC_MSGSEND = YES;
				GCC_C_LANGUAGE_STANDARD = gnu11;
				GCC_NO_COMMON_BLOCKS = YES;
				GCC_WARN_64_TO_32_BIT_CONVERSION = YES;
				GCC_WARN_ABOUT_RETURN_TYPE = YES_ERROR;
				GCC_WARN_UNDECLARED_SELECTOR = YES;
				GCC_WARN_UNINITIALIZED_AUTOS = YES_AGGRESSIVE;
				GCC_WARN_UNUSED_FUNCTION = YES;
				GCC_WARN_UNUSED_VARIABLE = YES;
				IPHONEOS_DEPLOYMENT_TARGET = 16.1;
				MTL_ENABLE_DEBUG_INFO = NO;
				MTL_FAST_MATH = YES;
				SDKROOT = iphoneos;
				SWIFT_COMPILATION_MODE = wholemodule;
				SWIFT_OPTIMIZATION_LEVEL = "-O";
				VALIDATE_PRODUCT = YES;
			};
			name = Release;
		};
		269AA99B291E829E00B56703 /* Debug */ = {
			isa = XCBuildConfiguration;
			buildSettings = {
				ASSETCATALOG_COMPILER_APPICON_NAME = AppIcon;
				ASSETCATALOG_COMPILER_GLOBAL_ACCENT_COLOR_NAME = AccentColor;
				CODE_SIGN_STYLE = Automatic;
				CURRENT_PROJECT_VERSION = 1;
				GENERATE_INFOPLIST_FILE = YES;
				INFOPLIST_FILE = Movies/Info.plist;
				INFOPLIST_KEY_UIApplicationSupportsIndirectInputEvents = YES;
				INFOPLIST_KEY_UILaunchStoryboardName = LaunchScreen;
				INFOPLIST_KEY_UIMainStoryboardFile = Main;
				INFOPLIST_KEY_UISupportedInterfaceOrientations_iPad = "UIInterfaceOrientationPortrait UIInterfaceOrientationPortraitUpsideDown UIInterfaceOrientationLandscapeLeft UIInterfaceOrientationLandscapeRight";
				INFOPLIST_KEY_UISupportedInterfaceOrientations_iPhone = "UIInterfaceOrientationPortrait UIInterfaceOrientationLandscapeLeft UIInterfaceOrientationLandscapeRight";
				LD_RUNPATH_SEARCH_PATHS = (
					"$(inherited)",
					"@executable_path/Frameworks",
				);
				MARKETING_VERSION = 1.0;
				PRODUCT_BUNDLE_IDENTIFIER = murilo.Movies;
				PRODUCT_NAME = "$(TARGET_NAME)";
				SWIFT_EMIT_LOC_STRINGS = YES;
				SWIFT_VERSION = 5.0;
				TARGETED_DEVICE_FAMILY = "1,2";
			};
			name = Debug;
		};
		269AA99C291E829E00B56703 /* Release */ = {
			isa = XCBuildConfiguration;
			buildSettings = {
				ASSETCATALOG_COMPILER_APPICON_NAME = AppIcon;
				ASSETCATALOG_COMPILER_GLOBAL_ACCENT_COLOR_NAME = AccentColor;
				CODE_SIGN_STYLE = Automatic;
				CURRENT_PROJECT_VERSION = 1;
				GENERATE_INFOPLIST_FILE = YES;
				INFOPLIST_FILE = Movies/Info.plist;
				INFOPLIST_KEY_UIApplicationSupportsIndirectInputEvents = YES;
				INFOPLIST_KEY_UILaunchStoryboardName = LaunchScreen;
				INFOPLIST_KEY_UIMainStoryboardFile = Main;
				INFOPLIST_KEY_UISupportedInterfaceOrientations_iPad = "UIInterfaceOrientationPortrait UIInterfaceOrientationPortraitUpsideDown UIInterfaceOrientationLandscapeLeft UIInterfaceOrientationLandscapeRight";
				INFOPLIST_KEY_UISupportedInterfaceOrientations_iPhone = "UIInterfaceOrientationPortrait UIInterfaceOrientationLandscapeLeft UIInterfaceOrientationLandscapeRight";
				LD_RUNPATH_SEARCH_PATHS = (
					"$(inherited)",
					"@executable_path/Frameworks",
				);
				MARKETING_VERSION = 1.0;
				PRODUCT_BUNDLE_IDENTIFIER = murilo.Movies;
				PRODUCT_NAME = "$(TARGET_NAME)";
				SWIFT_EMIT_LOC_STRINGS = YES;
				SWIFT_VERSION = 5.0;
				TARGETED_DEVICE_FAMILY = "1,2";
			};
			name = Release;
		};
/* End XCBuildConfiguration section */

/* Begin XCConfigurationList section */
		269AA97E291E829D00B56703 /* Build configuration list for PBXProject "Movies" */ = {
			isa = XCConfigurationList;
			buildConfigurations = (
				269AA998291E829E00B56703 /* Debug */,
				269AA999291E829E00B56703 /* Release */,
			);
			defaultConfigurationIsVisible = 0;
			defaultConfigurationName = Release;
		};
		269AA99A291E829E00B56703 /* Build configuration list for PBXNativeTarget "Movies" */ = {
			isa = XCConfigurationList;
			buildConfigurations = (
				269AA99B291E829E00B56703 /* Debug */,
				269AA99C291E829E00B56703 /* Release */,
			);
			defaultConfigurationIsVisible = 0;
			defaultConfigurationName = Release;
		};
/* End XCConfigurationList section */

/* Begin XCVersionGroup section */
		269AA98F291E829D00B56703 /* Movies.xcdatamodeld */ = {
			isa = XCVersionGroup;
			children = (
				269AA990291E829D00B56703 /* Movies.xcdatamodel */,
			);
			currentVersion = 269AA990291E829D00B56703 /* Movies.xcdatamodel */;
			path = Movies.xcdatamodeld;
			sourceTree = "<group>";
			versionGroupType = wrapper.xcdatamodel;
		};
/* End XCVersionGroup section */
	};
	rootObject = 269AA97B291E829D00B56703 /* Project object */;
}
